
Microsoft Visual Studio Solution File, Format Version 12.00
# Visual Studio 14
VisualStudioVersion = 14.0.25420.1
MinimumVisualStudioVersion = 10.0.40219.1
Project("{FAE04EC0-301F-11D3-BF4B-00C04F79EFBC}") = "appConsMatematica", "appConsMenu\appConsMatematica.csproj", "{3F877C1F-D022-422E-AE74-E12D3CE55A13}"
EndProject
Project("{FAE04EC0-301F-11D3-BF4B-00C04F79EFBC}") = "libServicios", "..\libServicios\libServicios.csproj", "{FDE52B0D-B27F-485C-BA32-6C0E30C27875}"
EndProject
Global
	GlobalSection(SolutionConfigurationPlatforms) = preSolution
		Debug|Any CPU = Debug|Any CPU
		Release|Any CPU = Release|Any CPU
	EndGlobalSection
	GlobalSection(ProjectConfigurationPlatforms) = postSolution
		{3F877C1F-D022-422E-AE74-E12D3CE55A13}.Debug|Any CPU.ActiveCfg = Debug|Any CPU
		{3F877C1F-D022-422E-AE74-E12D3CE55A13}.Debug|Any CPU.Build.0 = Debug|Any CPU
		{3F877C1F-D022-422E-AE74-E12D3CE55A13}.Release|Any CPU.ActiveCfg = Release|Any CPU
		{3F877C1F-D022-422E-AE74-E12D3CE55A13}.Release|Any CPU.Build.0 = Release|Any CPU
		{FDE52B0D-B27F-485C-BA32-6C0E30C27875}.Debug|Any CPU.ActiveCfg = Debug|Any CPU
		{FDE52B0D-B27F-485C-BA32-6C0E30C27875}.Debug|Any CPU.Build.0 = Debug|Any CPU
		{FDE52B0D-B27F-485C-BA32-6C0E30C27875}.Release|Any CPU.ActiveCfg = Release|Any CPU
		{FDE52B0D-B27F-485C-BA32-6C0E30C27875}.Release|Any CPU.Build.0 = Release|Any CPU
	EndGlobalSection
	GlobalSection(SolutionProperties) = preSolution
		HideSolutionNode = FALSE
	EndGlobalSection
EndGlobal
